
Microsoft Visual Studio Solution File, Format Version 12.00
# Visual Studio Version 17
VisualStudioVersion = 17.4.33213.308
MinimumVisualStudioVersion = 10.0.40219.1
Project("{8BC9CEB8-8B4A-11D0-8D11-00A0C91BC942}") = "avialib", "avialib\avialib.vcxproj", "{8307BEC3-0CBB-45E3-B813-F1F3C326B405}"
EndProject
Project("{8BC9CEB8-8B4A-11D0-8D11-00A0C91BC942}") = "testlib", "testlib\testlib.vcxproj", "{7526E026-C2C8-4B92-BECB-3FA5E5CC784F}"
EndProject
Global
	GlobalSection(SolutionConfigurationPlatforms) = preSolution
		Debug|x64 = Debug|x64
		Debug|x86 = Debug|x86
		Release|x64 = Release|x64
		Release|x86 = Release|x86
	EndGlobalSection
	GlobalSection(ProjectConfigurationPlatforms) = postSolution
		{8307BEC3-0CBB-45E3-B813-F1F3C326B405}.Debug|x64.ActiveCfg = Debug|x64
		{8307BEC3-0CBB-45E3-B813-F1F3C326B405}.Debug|x64.Build.0 = Debug|x64
		{8307BEC3-0CBB-45E3-B813-F1F3C326B405}.Debug|x86.ActiveCfg = Debug|Win32
		{8307BEC3-0CBB-45E3-B813-F1F3C326B405}.Debug|x86.Build.0 = Debug|Win32
		{8307BEC3-0CBB-45E3-B813-F1F3C326B405}.Release|x64.ActiveCfg = Release|x64
		{8307BEC3-0CBB-45E3-B813-F1F3C326B405}.Release|x64.Build.0 = Release|x64
		{8307BEC3-0CBB-45E3-B813-F1F3C326B405}.Release|x86.ActiveCfg = Release|Win32
		{8307BEC3-0CBB-45E3-B813-F1F3C326B405}.Release|x86.Build.0 = Release|Win32
		{7526E026-C2C8-4B92-BECB-3FA5E5CC784F}.Debug|x64.ActiveCfg = Debug|x64
		{7526E026-C2C8-4B92-BECB-3FA5E5CC784F}.Debug|x64.Build.0 = Debug|x64
		{7526E026-C2C8-4B92-BECB-3FA5E5CC784F}.Debug|x86.ActiveCfg = Debug|Win32
		{7526E026-C2C8-4B92-BECB-3FA5E5CC784F}.Debug|x86.Build.0 = Debug|Win32
		{7526E026-C2C8-4B92-BECB-3FA5E5CC784F}.Release|x64.ActiveCfg = Release|x64
		{7526E026-C2C8-4B92-BECB-3FA5E5CC784F}.Release|x64.Build.0 = Release|x64
		{7526E026-C2C8-4B92-BECB-3FA5E5CC784F}.Release|x86.ActiveCfg = Release|Win32
		{7526E026-C2C8-4B92-BECB-3FA5E5CC784F}.Release|x86.Build.0 = Release|Win32
	EndGlobalSection
	GlobalSection(SolutionProperties) = preSolution
		HideSolutionNode = FALSE
	EndGlobalSection
	GlobalSection(ExtensibilityGlobals) = postSolution
		SolutionGuid = {A4E500C1-F83D-4962-B869-44A294217180}
	EndGlobalSection
EndGlobal
